// !$*UTF8*$!
{
	archiveVersion = 1;
	classes = {
	};
	objectVersion = 46;
	objects = {

/* Begin PBXBuildFile section */
		F409C7D41D039EBB00E173E0 /* main.m in Sources */ = {isa = PBXBuildFile; fileRef = F409C7D31D039EBB00E173E0 /* main.m */; };
		F409C7D71D039EBB00E173E0 /* AppDelegate.m in Sources */ = {isa = PBXBuildFile; fileRef = F409C7D61D039EBB00E173E0 /* AppDelegate.m */; };
		F409C7DD1D039EBB00E173E0 /* Main.storyboard in Resources */ = {isa = PBXBuildFile; fileRef = F409C7DB1D039EBB00E173E0 /* Main.storyboard */; };
		F409C7E21D039EBB00E173E0 /* Assets.xcassets in Resources */ = {isa = PBXBuildFile; fileRef = F409C7E11D039EBB00E173E0 /* Assets.xcassets */; };
		F409C7E51D039EBB00E173E0 /* LaunchScreen.storyboard in Resources */ = {isa = PBXBuildFile; fileRef = F409C7E31D039EBB00E173E0 /* LaunchScreen.storyboard */; };
		F409C7ED1D039EC900E173E0 /* CoreData.framework in Frameworks */ = {isa = PBXBuildFile; fileRef = F409C7EC1D039EC900E173E0 /* CoreData.framework */; };
		F409C7F61D03A02B00E173E0 /* CoursesTableViewController.m in Sources */ = {isa = PBXBuildFile; fileRef = F409C7F51D03A02B00E173E0 /* CoursesTableViewController.m */; };
		F409C8041D03A5DB00E173E0 /* Course+CoreDataProperties.m in Sources */ = {isa = PBXBuildFile; fileRef = F409C8011D03A5DB00E173E0 /* Course+CoreDataProperties.m */; };
		F409C8051D03A5DB00E173E0 /* Course.m in Sources */ = {isa = PBXBuildFile; fileRef = F409C8031D03A5DB00E173E0 /* Course.m */; };
		F409C8081D03A8C800E173E0 /* AddCourseViewController.m in Sources */ = {isa = PBXBuildFile; fileRef = F409C8071D03A8C800E173E0 /* AddCourseViewController.m */; };
		F409C8111D03B07E00E173E0 /* CoreDataTableView.xcdatamodeld in Sources */ = {isa = PBXBuildFile; fileRef = F409C80F1D03B07E00E173E0 /* CoreDataTableView.xcdatamodeld */; };
		F409C8141D03B73100E173E0 /* DisplayEditViewController.m in Sources */ = {isa = PBXBuildFile; fileRef = F409C8131D03B73100E173E0 /* DisplayEditViewController.m */; };
/* End PBXBuildFile section */

/* Begin PBXFileReference section */
		F409C7CF1D039EBB00E173E0 /* CoreDataTableView.app */ = {isa = PBXFileReference; explicitFileType = wrapper.application; includeInIndex = 0; path = CoreDataTableView.app; sourceTree = BUILT_PRODUCTS_DIR; };
		F409C7D31D039EBB00E173E0 /* main.m */ = {isa = PBXFileReference; lastKnownFileType = sourcecode.c.objc; path = main.m; sourceTree = "<group>"; };
		F409C7D51D039EBB00E173E0 /* AppDelegate.h */ = {isa = PBXFileReference; lastKnownFileType = sourcecode.c.h; path = AppDelegate.h; sourceTree = "<group>"; };
		F409C7D61D039EBB00E173E0 /* AppDelegate.m */ = {isa = PBXFileReference; lastKnownFileType = sourcecode.c.objc; path = AppDelegate.m; sourceTree = "<group>"; };
		F409C7DC1D039EBB00E173E0 /* Base */ = {isa = PBXFileReference; lastKnownFileType = file.storyboard; name = Base; path = Base.lproj/Main.storyboard; sourceTree = "<group>"; };
		F409C7E11D039EBB00E173E0 /* Assets.xcassets */ = {isa = PBXFileReference; lastKnownFileType = folder.assetcatalog; path = Assets.xcassets; sourceTree = "<group>"; };
		F409C7E41D039EBB00E173E0 /* Base */ = {isa = PBXFileReference; lastKnownFileType = file.storyboard; name = Base; path = Base.lproj/LaunchScreen.storyboard; sourceTree = "<group>"; };
		F409C7E61D039EBB00E173E0 /* Info.plist */ = {isa = PBXFileReference; lastKnownFileType = text.plist.xml; path = Info.plist; sourceTree = "<group>"; };
		F409C7EC1D039EC900E173E0 /* CoreData.framework */ = {isa = PBXFileReference; lastKnownFileType = wrapper.framework; name = CoreData.framework; path = System/Library/Frameworks/CoreData.framework; sourceTree = SDKROOT; };
		F409C7F41D03A02B00E173E0 /* CoursesTableViewController.h */ = {isa = PBXFileReference; fileEncoding = 4; lastKnownFileType = sourcecode.c.h; path = CoursesTableViewController.h; sourceTree = "<group>"; };
		F409C7F51D03A02B00E173E0 /* CoursesTableViewController.m */ = {isa = PBXFileReference; fileEncoding = 4; lastKnownFileType = sourcecode.c.objc; path = CoursesTableViewController.m; sourceTree = "<group>"; };
		F409C8001D03A5DB00E173E0 /* Course+CoreDataProperties.h */ = {isa = PBXFileReference; fileEncoding = 4; lastKnownFileType = sourcecode.c.h; path = "Course+CoreDataProperties.h"; sourceTree = "<group>"; };
		F409C8011D03A5DB00E173E0 /* Course+CoreDataProperties.m */ = {isa = PBXFileReference; fileEncoding = 4; lastKnownFileType = sourcecode.c.objc; path = "Course+CoreDataProperties.m"; sourceTree = "<group>"; };
		F409C8021D03A5DB00E173E0 /* Course.h */ = {isa = PBXFileReference; fileEncoding = 4; lastKnownFileType = sourcecode.c.h; path = Course.h; sourceTree = "<group>"; };
		F409C8031D03A5DB00E173E0 /* Course.m */ = {isa = PBXFileReference; fileEncoding = 4; lastKnownFileType = sourcecode.c.objc; path = Course.m; sourceTree = "<group>"; };
		F409C8061D03A8C800E173E0 /* AddCourseViewController.h */ = {isa = PBXFileReference; fileEncoding = 4; lastKnownFileType = sourcecode.c.h; path = AddCourseViewController.h; sourceTree = "<group>"; };
		F409C8071D03A8C800E173E0 /* AddCourseViewController.m */ = {isa = PBXFileReference; fileEncoding = 4; lastKnownFileType = sourcecode.c.objc; path = AddCourseViewController.m; sourceTree = "<group>"; };
		F409C8101D03B07E00E173E0 /* CoreDataTableView.xcdatamodel */ = {isa = PBXFileReference; lastKnownFileType = wrapper.xcdatamodel; path = CoreDataTableView.xcdatamodel; sourceTree = "<group>"; };
		F409C8121D03B73100E173E0 /* DisplayEditViewController.h */ = {isa = PBXFileReference; fileEncoding = 4; lastKnownFileType = sourcecode.c.h; path = DisplayEditViewController.h; sourceTree = "<group>"; };
		F409C8131D03B73100E173E0 /* DisplayEditViewController.m */ = {isa = PBXFileReference; fileEncoding = 4; lastKnownFileType = sourcecode.c.objc; path = DisplayEditViewController.m; sourceTree = "<group>"; };
/* End PBXFileReference section */

/* Begin PBXFrameworksBuildPhase section */
		F409C7CC1D039EBB00E173E0 /* Frameworks */ = {
			isa = PBXFrameworksBuildPhase;
			buildActionMask = 2147483647;
			files = (
				F409C7ED1D039EC900E173E0 /* CoreData.framework in Frameworks */,
			);
			runOnlyForDeploymentPostprocessing = 0;
		};
/* End PBXFrameworksBuildPhase section */

/* Begin PBXGroup section */
		F409C7C61D039EBB00E173E0 = {
			isa = PBXGroup;
			children = (
				F409C7EC1D039EC900E173E0 /* CoreData.framework */,
				F409C7D11D039EBB00E173E0 /* CoreDataTableView */,
				F409C7D01D039EBB00E173E0 /* Products */,
			);
			sourceTree = "<group>";
		};
		F409C7D01D039EBB00E173E0 /* Products */ = {
			isa = PBXGroup;
			children = (
				F409C7CF1D039EBB00E173E0 /* CoreDataTableView.app */,
			);
			name = Products;
			sourceTree = "<group>";
		};
		F409C7D11D039EBB00E173E0 /* CoreDataTableView */ = {
			isa = PBXGroup;
			children = (
				F409C7D51D039EBB00E173E0 /* AppDelegate.h */,
				F409C7D61D039EBB00E173E0 /* AppDelegate.m */,
				F409C7DB1D039EBB00E173E0 /* Main.storyboard */,
				F409C8121D03B73100E173E0 /* DisplayEditViewController.h */,
				F409C8131D03B73100E173E0 /* DisplayEditViewController.m */,
				F409C8061D03A8C800E173E0 /* AddCourseViewController.h */,
				F409C8071D03A8C800E173E0 /* AddCourseViewController.m */,
				F409C7F41D03A02B00E173E0 /* CoursesTableViewController.h */,
				F409C7F51D03A02B00E173E0 /* CoursesTableViewController.m */,
				F409C7E11D039EBB00E173E0 /* Assets.xcassets */,
				F409C80F1D03B07E00E173E0 /* CoreDataTableView.xcdatamodeld */,
				F409C7E31D039EBB00E173E0 /* LaunchScreen.storyboard */,
				F409C7E61D039EBB00E173E0 /* Info.plist */,
				F409C7D21D039EBB00E173E0 /* Supporting Files */,
			);
			path = CoreDataTableView;
			sourceTree = "<group>";
		};
		F409C7D21D039EBB00E173E0 /* Supporting Files */ = {
			isa = PBXGroup;
			children = (
				F409C8001D03A5DB00E173E0 /* Course+CoreDataProperties.h */,
				F409C8011D03A5DB00E173E0 /* Course+CoreDataProperties.m */,
				F409C8021D03A5DB00E173E0 /* Course.h */,
				F409C8031D03A5DB00E173E0 /* Course.m */,
				F409C7D31D039EBB00E173E0 /* main.m */,
			);
			name = "Supporting Files";
			sourceTree = "<group>";
		};
/* End PBXGroup section */

/* Begin PBXNativeTarget section */
		F409C7CE1D039EBB00E173E0 /* CoreDataTableView */ = {
			isa = PBXNativeTarget;
			buildConfigurationList = F409C7E91D039EBB00E173E0 /* Build configuration list for PBXNativeTarget "CoreDataTableView" */;
			buildPhases = (
				F409C7CB1D039EBB00E173E0 /* Sources */,
				F409C7CC1D039EBB00E173E0 /* Frameworks */,
				F409C7CD1D039EBB00E173E0 /* Resources */,
			);
			buildRules = (
			);
			dependencies = (
			);
			name = CoreDataTableView;
			productName = CoreDataTableView;
			productReference = F409C7CF1D039EBB00E173E0 /* CoreDataTableView.app */;
			productType = "com.apple.product-type.application";
		};
/* End PBXNativeTarget section */

/* Begin PBXProject section */
		F409C7C71D039EBB00E173E0 /* Project object */ = {
			isa = PBXProject;
			attributes = {
				LastUpgradeCheck = 0730;
				ORGANIZATIONNAME = "Ruiyong Zhang";
				TargetAttributes = {
					F409C7CE1D039EBB00E173E0 = {
						CreatedOnToolsVersion = 7.3.1;
						DevelopmentTeam = 4JW7CNU9QE;
					};
				};
			};
			buildConfigurationList = F409C7CA1D039EBB00E173E0 /* Build configuration list for PBXProject "CoreDataTableView" */;
			compatibilityVersion = "Xcode 3.2";
			developmentRegion = English;
			hasScannedForEncodings = 0;
			knownRegions = (
				en,
				Base,
			);
			mainGroup = F409C7C61D039EBB00E173E0;
			productRefGroup = F409C7D01D039EBB00E173E0 /* Products */;
			projectDirPath = "";
			projectRoot = "";
			targets = (
				F409C7CE1D039EBB00E173E0 /* CoreDataTableView */,
			);
		};
/* End PBXProject section */

/* Begin PBXResourcesBuildPhase section */
		F409C7CD1D039EBB00E173E0 /* Resources */ = {
			isa = PBXResourcesBuildPhase;
			buildActionMask = 2147483647;
			files = (
				F409C7E51D039EBB00E173E0 /* LaunchScreen.storyboard in Resources */,
				F409C7E21D039EBB00E173E0 /* Assets.xcassets in Resources */,
				F409C7DD1D039EBB00E173E0 /* Main.storyboard in Resources */,
			);
			runOnlyForDeploymentPostprocessing = 0;
		};
/* End PBXResourcesBuildPhase section */

/* Begin PBXSourcesBuildPhase section */
		F409C7CB1D039EBB00E173E0 /* Sources */ = {
			isa = PBXSourcesBuildPhase;
			buildActionMask = 2147483647;
			files = (
				F409C8051D03A5DB00E173E0 /* Course.m in Sources */,
				F409C8141D03B73100E173E0 /* DisplayEditViewController.m in Sources */,
				F409C7F61D03A02B00E173E0 /* CoursesTableViewController.m in Sources */,
				F409C8081D03A8C800E173E0 /* AddCourseViewController.m in Sources */,
				F409C7D71D039EBB00E173E0 /* AppDelegate.m in Sources */,
				F409C7D41D039EBB00E173E0 /* main.m in Sources */,
				F409C8041D03A5DB00E173E0 /* Course+CoreDataProperties.m in Sources */,
				F409C8111D03B07E00E173E0 /* CoreDataTableView.xcdatamodeld in Sources */,
			);
			runOnlyForDeploymentPostprocessing = 0;
		};
/* End PBXSourcesBuildPhase section */

/* Begin PBXVariantGroup section */
		F409C7DB1D039EBB00E173E0 /* Main.storyboard */ = {
			isa = PBXVariantGroup;
			children = (
				F409C7DC1D039EBB00E173E0 /* Base */,
			);
			name = Main.storyboard;
			sourceTree = "<group>";
		};
		F409C7E31D039EBB00E173E0 /* LaunchScreen.storyboard */ = {
			isa = PBXVariantGroup;
			children = (
				F409C7E41D039EBB00E173E0 /* Base */,
			);
			name = LaunchScreen.storyboard;
			sourceTree = "<group>";
		};
/* End PBXVariantGroup section */

/* Begin XCBuildConfiguration section */
		F409C7E71D039EBB00E173E0 /* Debug */ = {
			isa = XCBuildConfiguration;
			buildSettings = {
				ALWAYS_SEARCH_USER_PATHS = NO;
				CLANG_ANALYZER_NONNULL = YES;
				CLANG_CXX_LANGUAGE_STANDARD = "gnu++0x";
				CLANG_CXX_LIBRARY = "libc++";
				CLANG_ENABLE_MODULES = YES;
				CLANG_ENABLE_OBJC_ARC = YES;
				CLANG_WARN_BOOL_CONVERSION = YES;
				CLANG_WARN_CONSTANT_CONVERSION = YES;
				CLANG_WARN_DIRECT_OBJC_ISA_USAGE = YES_ERROR;
				CLANG_WARN_EMPTY_BODY = YES;
				CLANG_WARN_ENUM_CONVERSION = YES;
				CLANG_WARN_INT_CONVERSION = YES;
				CLANG_WARN_OBJC_ROOT_CLASS = YES_ERROR;
				CLANG_WARN_UNREACHABLE_CODE = YES;
				CLANG_WARN__DUPLICATE_METHOD_MATCH = YES;
				"CODE_SIGN_IDENTITY[sdk=iphoneos*]" = "iPhone Developer";
				COPY_PHASE_STRIP = NO;
				DEBUG_INFORMATION_FORMAT = dwarf;
				ENABLE_STRICT_OBJC_MSGSEND = YES;
				ENABLE_TESTABILITY = YES;
				GCC_C_LANGUAGE_STANDARD = gnu99;
				GCC_DYNAMIC_NO_PIC = NO;
				GCC_NO_COMMON_BLOCKS = YES;
				GCC_OPTIMIZATION_LEVEL = 0;
				GCC_PREPROCESSOR_DEFINITIONS = (
					"DEBUG=1",
					"$(inherited)",
				);
				GCC_WARN_64_TO_32_BIT_CONVERSION = YES;
				GCC_WARN_ABOUT_RETURN_TYPE = YES_ERROR;
				GCC_WARN_UNDECLARED_SELECTOR = YES;
				GCC_WARN_UNINITIALIZED_AUTOS = YES_AGGRESSIVE;
				GCC_WARN_UNUSED_FUNCTION = YES;
				GCC_WARN_UNUSED_VARIABLE = YES;
				IPHONEOS_DEPLOYMENT_TARGET = 9.3;
				MTL_ENABLE_DEBUG_INFO = YES;
				ONLY_ACTIVE_ARCH = YES;
				SDKROOT = iphoneos;
			};
			name = Debug;
		};
		F409C7E81D039EBB00E173E0 /* Release */ = {
			isa = XCBuildConfiguration;
			buildSettings = {
				ALWAYS_SEARCH_USER_PATHS = NO;
				CLANG_ANALYZER_NONNULL = YES;
				CLANG_CXX_LANGUAGE_STANDARD = "gnu++0x";
				CLANG_CXX_LIBRARY = "libc++";
				CLANG_ENABLE_MODULES = YES;
				CLANG_ENABLE_OBJC_ARC = YES;
				CLANG_WARN_BOOL_CONVERSION = YES;
				CLANG_WARN_CONSTANT_CONVERSION = YES;
				CLANG_WARN_DIRECT_OBJC_ISA_USAGE = YES_ERROR;
				CLANG_WARN_EMPTY_BODY = YES;
				CLANG_WARN_ENUM_CONVERSION = YES;
				CLANG_WARN_INT_CONVERSION = YES;
				CLANG_WARN_OBJC_ROOT_CLASS = YES_ERROR;
				CLANG_WARN_UNREACHABLE_CODE = YES;
				CLANG_WARN__DUPLICATE_METHOD_MATCH = YES;
				"CODE_SIGN_IDENTITY[sdk=iphoneos*]" = "iPhone Developer";
				COPY_PHASE_STRIP = NO;
				DEBUG_INFORMATION_FORMAT = "dwarf-with-dsym";
				ENABLE_NS_ASSERTIONS = NO;
				ENABLE_STRICT_OBJC_MSGSEND = YES;
				GCC_C_LANGUAGE_STANDARD = gnu99;
				GCC_NO_COMMON_BLOCKS = YES;
				GCC_WARN_64_TO_32_BIT_CONVERSION = YES;
				GCC_WARN_ABOUT_RETURN_TYPE = YES_ERROR;
				GCC_WARN_UNDECLARED_SELECTOR = YES;
				GCC_WARN_UNINITIALIZED_AUTOS = YES_AGGRESSIVE;
				GCC_WARN_UNUSED_FUNCTION = YES;
				GCC_WARN_UNUSED_VARIABLE = YES;
				IPHONEOS_DEPLOYMENT_TARGET = 9.3;
				MTL_ENABLE_DEBUG_INFO = NO;
				SDKROOT = iphoneos;
				VALIDATE_PRODUCT = YES;
			};
			name = Release;
		};
		F409C7EA1D039EBB00E173E0 /* Debug */ = {
			isa = XCBuildConfiguration;
			buildSettings = {
				ASSETCATALOG_COMPILER_APPICON_NAME = AppIcon;
				INFOPLIST_FILE = CoreDataTableView/Info.plist;
				LD_RUNPATH_SEARCH_PATHS = "$(inherited) @executable_path/Frameworks";
				PRODUCT_BUNDLE_IDENTIFIER = com.ruiyong.CoreDataTableView;
				PRODUCT_NAME = "$(TARGET_NAME)";
			};
			name = Debug;
		};
		F409C7EB1D039EBB00E173E0 /* Release */ = {
			isa = XCBuildConfiguration;
			buildSettings = {
				ASSETCATALOG_COMPILER_APPICON_NAME = AppIcon;
				INFOPLIST_FILE = CoreDataTableView/Info.plist;
				LD_RUNPATH_SEARCH_PATHS = "$(inherited) @executable_path/Frameworks";
				PRODUCT_BUNDLE_IDENTIFIER = com.ruiyong.CoreDataTableView;
				PRODUCT_NAME = "$(TARGET_NAME)";
			};
			name = Release;
		};
/* End XCBuildConfiguration section */

/* Begin XCConfigurationList section */
		F409C7CA1D039EBB00E173E0 /* Build configuration list for PBXProject "CoreDataTableView" */ = {
			isa = XCConfigurationList;
			buildConfigurations = (
				F409C7E71D039EBB00E173E0 /* Debug */,
				F409C7E81D039EBB00E173E0 /* Release */,
			);
			defaultConfigurationIsVisible = 0;
			defaultConfigurationName = Release;
		};
		F409C7E91D039EBB00E173E0 /* Build configuration list for PBXNativeTarget "CoreDataTableView" */ = {
			isa = XCConfigurationList;
			buildConfigurations = (
				F409C7EA1D039EBB00E173E0 /* Debug */,
				F409C7EB1D039EBB00E173E0 /* Release */,
			);
			defaultConfigurationIsVisible = 0;
		};
/* End XCConfigurationList section */

/* Begin XCVersionGroup section */
		F409C80F1D03B07E00E173E0 /* CoreDataTableView.xcdatamodeld */ = {
			isa = XCVersionGroup;
			children = (
				F409C8101D03B07E00E173E0 /* CoreDataTableView.xcdatamodel */,
			);
			currentVersion = F409C8101D03B07E00E173E0 /* CoreDataTableView.xcdatamodel */;
			path = CoreDataTableView.xcdatamodeld;
			sourceTree = "<group>";
			versionGroupType = wrapper.xcdatamodel;
		};
/* End XCVersionGroup section */
	};
	rootObject = F409C7C71D039EBB00E173E0 /* Project object */;
}
