// !$*UTF8*$!
{
	archiveVersion = 1;
	classes = {
	};
	objectVersion = 46;
	objects = {

/* Begin PBXBuildFile section */
		AF74FD2758AAF23882EAF6B8 /* libPods-AFnetworkPods.a in Frameworks */ = {isa = PBXBuildFile; fileRef = 3D019333433369F1A83F5B94 /* libPods-AFnetworkPods.a */; };
		F42090EF1D07620C00F12245 /* main.m in Sources */ = {isa = PBXBuildFile; fileRef = F42090EE1D07620C00F12245 /* main.m */; };
		F42090F21D07620C00F12245 /* AppDelegate.m in Sources */ = {isa = PBXBuildFile; fileRef = F42090F11D07620C00F12245 /* AppDelegate.m */; };
		F42090F51D07620C00F12245 /* ViewController.m in Sources */ = {isa = PBXBuildFile; fileRef = F42090F41D07620C00F12245 /* ViewController.m */; };
		F42090F81D07620C00F12245 /* Main.storyboard in Resources */ = {isa = PBXBuildFile; fileRef = F42090F61D07620C00F12245 /* Main.storyboard */; };
		F42090FB1D07620C00F12245 /* AFnetworkPods.xcdatamodeld in Sources */ = {isa = PBXBuildFile; fileRef = F42090F91D07620C00F12245 /* AFnetworkPods.xcdatamodeld */; };
		F42090FD1D07620C00F12245 /* Assets.xcassets in Resources */ = {isa = PBXBuildFile; fileRef = F42090FC1D07620C00F12245 /* Assets.xcassets */; };
		F42091001D07620C00F12245 /* LaunchScreen.storyboard in Resources */ = {isa = PBXBuildFile; fileRef = F42090FE1D07620C00F12245 /* LaunchScreen.storyboard */; };
/* End PBXBuildFile section */

/* Begin PBXFileReference section */
		3D019333433369F1A83F5B94 /* libPods-AFnetworkPods.a */ = {isa = PBXFileReference; explicitFileType = archive.ar; includeInIndex = 0; path = "libPods-AFnetworkPods.a"; sourceTree = BUILT_PRODUCTS_DIR; };
		7D3BA01E462213BFD4AEA274 /* Pods-AFnetworkPods.debug.xcconfig */ = {isa = PBXFileReference; includeInIndex = 1; lastKnownFileType = text.xcconfig; name = "Pods-AFnetworkPods.debug.xcconfig"; path = "Pods/Target Support Files/Pods-AFnetworkPods/Pods-AFnetworkPods.debug.xcconfig"; sourceTree = "<group>"; };
		F42090EA1D07620C00F12245 /* AFnetworkPods.app */ = {isa = PBXFileReference; explicitFileType = wrapper.application; includeInIndex = 0; path = AFnetworkPods.app; sourceTree = BUILT_PRODUCTS_DIR; };
		F42090EE1D07620C00F12245 /* main.m */ = {isa = PBXFileReference; lastKnownFileType = sourcecode.c.objc; path = main.m; sourceTree = "<group>"; };
		F42090F01D07620C00F12245 /* AppDelegate.h */ = {isa = PBXFileReference; lastKnownFileType = sourcecode.c.h; path = AppDelegate.h; sourceTree = "<group>"; };
		F42090F11D07620C00F12245 /* AppDelegate.m */ = {isa = PBXFileReference; lastKnownFileType = sourcecode.c.objc; path = AppDelegate.m; sourceTree = "<group>"; };
		F42090F31D07620C00F12245 /* ViewController.h */ = {isa = PBXFileReference; lastKnownFileType = sourcecode.c.h; path = ViewController.h; sourceTree = "<group>"; };
		F42090F41D07620C00F12245 /* ViewController.m */ = {isa = PBXFileReference; lastKnownFileType = sourcecode.c.objc; path = ViewController.m; sourceTree = "<group>"; };
		F42090F71D07620C00F12245 /* Base */ = {isa = PBXFileReference; lastKnownFileType = file.storyboard; name = Base; path = Base.lproj/Main.storyboard; sourceTree = "<group>"; };
		F42090FA1D07620C00F12245 /* AFnetworkPods.xcdatamodel */ = {isa = PBXFileReference; lastKnownFileType = wrapper.xcdatamodel; path = AFnetworkPods.xcdatamodel; sourceTree = "<group>"; };
		F42090FC1D07620C00F12245 /* Assets.xcassets */ = {isa = PBXFileReference; lastKnownFileType = folder.assetcatalog; path = Assets.xcassets; sourceTree = "<group>"; };
		F42090FF1D07620C00F12245 /* Base */ = {isa = PBXFileReference; lastKnownFileType = file.storyboard; name = Base; path = Base.lproj/LaunchScreen.storyboard; sourceTree = "<group>"; };
		F42091011D07620C00F12245 /* Info.plist */ = {isa = PBXFileReference; lastKnownFileType = text.plist.xml; path = Info.plist; sourceTree = "<group>"; };
		FBEC616177F2ADD95FD1F731 /* Pods-AFnetworkPods.release.xcconfig */ = {isa = PBXFileReference; includeInIndex = 1; lastKnownFileType = text.xcconfig; name = "Pods-AFnetworkPods.release.xcconfig"; path = "Pods/Target Support Files/Pods-AFnetworkPods/Pods-AFnetworkPods.release.xcconfig"; sourceTree = "<group>"; };
/* End PBXFileReference section */

/* Begin PBXFrameworksBuildPhase section */
		F42090E71D07620C00F12245 /* Frameworks */ = {
			isa = PBXFrameworksBuildPhase;
			buildActionMask = 2147483647;
			files = (
				AF74FD2758AAF23882EAF6B8 /* libPods-AFnetworkPods.a in Frameworks */,
			);
			runOnlyForDeploymentPostprocessing = 0;
		};
/* End PBXFrameworksBuildPhase section */

/* Begin PBXGroup section */
		0E881B128843D847E90556DF /* Pods */ = {
			isa = PBXGroup;
			children = (
				7D3BA01E462213BFD4AEA274 /* Pods-AFnetworkPods.debug.xcconfig */,
				FBEC616177F2ADD95FD1F731 /* Pods-AFnetworkPods.release.xcconfig */,
			);
			name = Pods;
			sourceTree = "<group>";
		};
		E84A7B67246E85A872F6F286 /* Frameworks */ = {
			isa = PBXGroup;
			children = (
				3D019333433369F1A83F5B94 /* libPods-AFnetworkPods.a */,
			);
			name = Frameworks;
			sourceTree = "<group>";
		};
		F42090E11D07620C00F12245 = {
			isa = PBXGroup;
			children = (
				F42090EC1D07620C00F12245 /* AFnetworkPods */,
				F42090EB1D07620C00F12245 /* Products */,
				0E881B128843D847E90556DF /* Pods */,
				E84A7B67246E85A872F6F286 /* Frameworks */,
			);
			sourceTree = "<group>";
		};
		F42090EB1D07620C00F12245 /* Products */ = {
			isa = PBXGroup;
			children = (
				F42090EA1D07620C00F12245 /* AFnetworkPods.app */,
			);
			name = Products;
			sourceTree = "<group>";
		};
		F42090EC1D07620C00F12245 /* AFnetworkPods */ = {
			isa = PBXGroup;
			children = (
				F42090F01D07620C00F12245 /* AppDelegate.h */,
				F42090F11D07620C00F12245 /* AppDelegate.m */,
				F42090F31D07620C00F12245 /* ViewController.h */,
				F42090F41D07620C00F12245 /* ViewController.m */,
				F42090F61D07620C00F12245 /* Main.storyboard */,
				F42090FC1D07620C00F12245 /* Assets.xcassets */,
				F42090FE1D07620C00F12245 /* LaunchScreen.storyboard */,
				F42091011D07620C00F12245 /* Info.plist */,
				F42090F91D07620C00F12245 /* AFnetworkPods.xcdatamodeld */,
				F42090ED1D07620C00F12245 /* Supporting Files */,
			);
			path = AFnetworkPods;
			sourceTree = "<group>";
		};
		F42090ED1D07620C00F12245 /* Supporting Files */ = {
			isa = PBXGroup;
			children = (
				F42090EE1D07620C00F12245 /* main.m */,
			);
			name = "Supporting Files";
			sourceTree = "<group>";
		};
/* End PBXGroup section */

/* Begin PBXNativeTarget section */
		F42090E91D07620C00F12245 /* AFnetworkPods */ = {
			isa = PBXNativeTarget;
			buildConfigurationList = F42091041D07620C00F12245 /* Build configuration list for PBXNativeTarget "AFnetworkPods" */;
			buildPhases = (
				703A62AF97CCF82EA8558AD6 /* [CP] Check Pods Manifest.lock */,
				F42090E61D07620C00F12245 /* Sources */,
				F42090E71D07620C00F12245 /* Frameworks */,
				F42090E81D07620C00F12245 /* Resources */,
				5288BC0FAFCFF220CD895348 /* [CP] Embed Pods Frameworks */,
				F75B91F50A422655F4F4AB68 /* [CP] Copy Pods Resources */,
			);
			buildRules = (
			);
			dependencies = (
			);
			name = AFnetworkPods;
			productName = AFnetworkPods;
			productReference = F42090EA1D07620C00F12245 /* AFnetworkPods.app */;
			productType = "com.apple.product-type.application";
		};
/* End PBXNativeTarget section */

/* Begin PBXProject section */
		F42090E21D07620C00F12245 /* Project object */ = {
			isa = PBXProject;
			attributes = {
				LastUpgradeCheck = 0730;
				ORGANIZATIONNAME = "Ruiyong Zhang";
				TargetAttributes = {
					F42090E91D07620C00F12245 = {
						CreatedOnToolsVersion = 7.3.1;
						DevelopmentTeam = 4JW7CNU9QE;
					};
				};
			};
			buildConfigurationList = F42090E51D07620C00F12245 /* Build configuration list for PBXProject "AFnetworkPods" */;
			compatibilityVersion = "Xcode 3.2";
			developmentRegion = English;
			hasScannedForEncodings = 0;
			knownRegions = (
				en,
				Base,
			);
			mainGroup = F42090E11D07620C00F12245;
			productRefGroup = F42090EB1D07620C00F12245 /* Products */;
			projectDirPath = "";
			projectRoot = "";
			targets = (
				F42090E91D07620C00F12245 /* AFnetworkPods */,
			);
		};
/* End PBXProject section */

/* Begin PBXResourcesBuildPhase section */
		F42090E81D07620C00F12245 /* Resources */ = {
			isa = PBXResourcesBuildPhase;
			buildActionMask = 2147483647;
			files = (
				F42091001D07620C00F12245 /* LaunchScreen.storyboard in Resources */,
				F42090FD1D07620C00F12245 /* Assets.xcassets in Resources */,
				F42090F81D07620C00F12245 /* Main.storyboard in Resources */,
			);
			runOnlyForDeploymentPostprocessing = 0;
		};
/* End PBXResourcesBuildPhase section */

/* Begin PBXShellScriptBuildPhase section */
		5288BC0FAFCFF220CD895348 /* [CP] Embed Pods Frameworks */ = {
			isa = PBXShellScriptBuildPhase;
			buildActionMask = 2147483647;
			files = (
			);
			inputPaths = (
			);
			name = "[CP] Embed Pods Frameworks";
			outputPaths = (
			);
			runOnlyForDeploymentPostprocessing = 0;
			shellPath = /bin/sh;
			shellScript = "\"${SRCROOT}/Pods/Target Support Files/Pods-AFnetworkPods/Pods-AFnetworkPods-frameworks.sh\"\n";
			showEnvVarsInLog = 0;
		};
		703A62AF97CCF82EA8558AD6 /* [CP] Check Pods Manifest.lock */ = {
			isa = PBXShellScriptBuildPhase;
			buildActionMask = 2147483647;
			files = (
			);
			inputPaths = (
			);
			name = "[CP] Check Pods Manifest.lock";
			outputPaths = (
			);
			runOnlyForDeploymentPostprocessing = 0;
			shellPath = /bin/sh;
			shellScript = "diff \"${PODS_ROOT}/../Podfile.lock\" \"${PODS_ROOT}/Manifest.lock\" > /dev/null\nif [[ $? != 0 ]] ; then\n    cat << EOM\nerror: The sandbox is not in sync with the Podfile.lock. Run 'pod install' or update your CocoaPods installation.\nEOM\n    exit 1\nfi\n";
			showEnvVarsInLog = 0;
		};
		F75B91F50A422655F4F4AB68 /* [CP] Copy Pods Resources */ = {
			isa = PBXShellScriptBuildPhase;
			buildActionMask = 2147483647;
			files = (
			);
			inputPaths = (
			);
			name = "[CP] Copy Pods Resources";
			outputPaths = (
			);
			runOnlyForDeploymentPostprocessing = 0;
			shellPath = /bin/sh;
			shellScript = "\"${SRCROOT}/Pods/Target Support Files/Pods-AFnetworkPods/Pods-AFnetworkPods-resources.sh\"\n";
			showEnvVarsInLog = 0;
		};
/* End PBXShellScriptBuildPhase section */

/* Begin PBXSourcesBuildPhase section */
		F42090E61D07620C00F12245 /* Sources */ = {
			isa = PBXSourcesBuildPhase;
			buildActionMask = 2147483647;
			files = (
				F42090F51D07620C00F12245 /* ViewController.m in Sources */,
				F42090FB1D07620C00F12245 /* AFnetworkPods.xcdatamodeld in Sources */,
				F42090F21D07620C00F12245 /* AppDelegate.m in Sources */,
				F42090EF1D07620C00F12245 /* main.m in Sources */,
			);
			runOnlyForDeploymentPostprocessing = 0;
		};
/* End PBXSourcesBuildPhase section */

/* Begin PBXVariantGroup section */
		F42090F61D07620C00F12245 /* Main.storyboard */ = {
			isa = PBXVariantGroup;
			children = (
				F42090F71D07620C00F12245 /* Base */,
			);
			name = Main.storyboard;
			sourceTree = "<group>";
		};
		F42090FE1D07620C00F12245 /* LaunchScreen.storyboard */ = {
			isa = PBXVariantGroup;
			children = (
				F42090FF1D07620C00F12245 /* Base */,
			);
			name = LaunchScreen.storyboard;
			sourceTree = "<group>";
		};
/* End PBXVariantGroup section */

/* Begin XCBuildConfiguration section */
		F42091021D07620C00F12245 /* Debug */ = {
			isa = XCBuildConfiguration;
			buildSettings = {
				ALWAYS_SEARCH_USER_PATHS = NO;
				CLANG_ANALYZER_NONNULL = YES;
				CLANG_CXX_LANGUAGE_STANDARD = "gnu++0x";
				CLANG_CXX_LIBRARY = "libc++";
				CLANG_ENABLE_MODULES = YES;
				CLANG_ENABLE_OBJC_ARC = YES;
				CLANG_WARN_BOOL_CONVERSION = YES;
				CLANG_WARN_CONSTANT_CONVERSION = YES;
				CLANG_WARN_DIRECT_OBJC_ISA_USAGE = YES_ERROR;
				CLANG_WARN_EMPTY_BODY = YES;
				CLANG_WARN_ENUM_CONVERSION = YES;
				CLANG_WARN_INT_CONVERSION = YES;
				CLANG_WARN_OBJC_ROOT_CLASS = YES_ERROR;
				CLANG_WARN_UNREACHABLE_CODE = YES;
				CLANG_WARN__DUPLICATE_METHOD_MATCH = YES;
				"CODE_SIGN_IDENTITY[sdk=iphoneos*]" = "iPhone Developer";
				COPY_PHASE_STRIP = NO;
				DEBUG_INFORMATION_FORMAT = dwarf;
				ENABLE_STRICT_OBJC_MSGSEND = YES;
				ENABLE_TESTABILITY = YES;
				GCC_C_LANGUAGE_STANDARD = gnu99;
				GCC_DYNAMIC_NO_PIC = NO;
				GCC_NO_COMMON_BLOCKS = YES;
				GCC_OPTIMIZATION_LEVEL = 0;
				GCC_PREPROCESSOR_DEFINITIONS = (
					"DEBUG=1",
					"$(inherited)",
				);
				GCC_WARN_64_TO_32_BIT_CONVERSION = YES;
				GCC_WARN_ABOUT_RETURN_TYPE = YES_ERROR;
				GCC_WARN_UNDECLARED_SELECTOR = YES;
				GCC_WARN_UNINITIALIZED_AUTOS = YES_AGGRESSIVE;
				GCC_WARN_UNUSED_FUNCTION = YES;
				GCC_WARN_UNUSED_VARIABLE = YES;
				IPHONEOS_DEPLOYMENT_TARGET = 9.3;
				MTL_ENABLE_DEBUG_INFO = YES;
				ONLY_ACTIVE_ARCH = YES;
				SDKROOT = iphoneos;
			};
			name = Debug;
		};
		F42091031D07620C00F12245 /* Release */ = {
			isa = XCBuildConfiguration;
			buildSettings = {
				ALWAYS_SEARCH_USER_PATHS = NO;
				CLANG_ANALYZER_NONNULL = YES;
				CLANG_CXX_LANGUAGE_STANDARD = "gnu++0x";
				CLANG_CXX_LIBRARY = "libc++";
				CLANG_ENABLE_MODULES = YES;
				CLANG_ENABLE_OBJC_ARC = YES;
				CLANG_WARN_BOOL_CONVERSION = YES;
				CLANG_WARN_CONSTANT_CONVERSION = YES;
				CLANG_WARN_DIRECT_OBJC_ISA_USAGE = YES_ERROR;
				CLANG_WARN_EMPTY_BODY = YES;
				CLANG_WARN_ENUM_CONVERSION = YES;
				CLANG_WARN_INT_CONVERSION = YES;
				CLANG_WARN_OBJC_ROOT_CLASS = YES_ERROR;
				CLANG_WARN_UNREACHABLE_CODE = YES;
				CLANG_WARN__DUPLICATE_METHOD_MATCH = YES;
				"CODE_SIGN_IDENTITY[sdk=iphoneos*]" = "iPhone Developer";
				COPY_PHASE_STRIP = NO;
				DEBUG_INFORMATION_FORMAT = "dwarf-with-dsym";
				ENABLE_NS_ASSERTIONS = NO;
				ENABLE_STRICT_OBJC_MSGSEND = YES;
				GCC_C_LANGUAGE_STANDARD = gnu99;
				GCC_NO_COMMON_BLOCKS = YES;
				GCC_WARN_64_TO_32_BIT_CONVERSION = YES;
				GCC_WARN_ABOUT_RETURN_TYPE = YES_ERROR;
				GCC_WARN_UNDECLARED_SELECTOR = YES;
				GCC_WARN_UNINITIALIZED_AUTOS = YES_AGGRESSIVE;
				GCC_WARN_UNUSED_FUNCTION = YES;
				GCC_WARN_UNUSED_VARIABLE = YES;
				IPHONEOS_DEPLOYMENT_TARGET = 9.3;
				MTL_ENABLE_DEBUG_INFO = NO;
				SDKROOT = iphoneos;
				VALIDATE_PRODUCT = YES;
			};
			name = Release;
		};
		F42091051D07620C00F12245 /* Debug */ = {
			isa = XCBuildConfiguration;
			baseConfigurationReference = 7D3BA01E462213BFD4AEA274 /* Pods-AFnetworkPods.debug.xcconfig */;
			buildSettings = {
				ASSETCATALOG_COMPILER_APPICON_NAME = AppIcon;
				INFOPLIST_FILE = AFnetworkPods/Info.plist;
				LD_RUNPATH_SEARCH_PATHS = "$(inherited) @executable_path/Frameworks";
				PRODUCT_BUNDLE_IDENTIFIER = com.ruiyong.AFnetworkPods;
				PRODUCT_NAME = "$(TARGET_NAME)";
			};
			name = Debug;
		};
		F42091061D07620C00F12245 /* Release */ = {
			isa = XCBuildConfiguration;
			baseConfigurationReference = FBEC616177F2ADD95FD1F731 /* Pods-AFnetworkPods.release.xcconfig */;
			buildSettings = {
				ASSETCATALOG_COMPILER_APPICON_NAME = AppIcon;
				INFOPLIST_FILE = AFnetworkPods/Info.plist;
				LD_RUNPATH_SEARCH_PATHS = "$(inherited) @executable_path/Frameworks";
				PRODUCT_BUNDLE_IDENTIFIER = com.ruiyong.AFnetworkPods;
				PRODUCT_NAME = "$(TARGET_NAME)";
			};
			name = Release;
		};
/* End XCBuildConfiguration section */

/* Begin XCConfigurationList section */
		F42090E51D07620C00F12245 /* Build configuration list for PBXProject "AFnetworkPods" */ = {
			isa = XCConfigurationList;
			buildConfigurations = (
				F42091021D07620C00F12245 /* Debug */,
				F42091031D07620C00F12245 /* Release */,
			);
			defaultConfigurationIsVisible = 0;
			defaultConfigurationName = Release;
		};
		F42091041D07620C00F12245 /* Build configuration list for PBXNativeTarget "AFnetworkPods" */ = {
			isa = XCConfigurationList;
			buildConfigurations = (
				F42091051D07620C00F12245 /* Debug */,
				F42091061D07620C00F12245 /* Release */,
			);
			defaultConfigurationIsVisible = 0;
			defaultConfigurationName = Release;
		};
/* End XCConfigurationList section */

/* Begin XCVersionGroup section */
		F42090F91D07620C00F12245 /* AFnetworkPods.xcdatamodeld */ = {
			isa = XCVersionGroup;
			children = (
				F42090FA1D07620C00F12245 /* AFnetworkPods.xcdatamodel */,
			);
			currentVersion = F42090FA1D07620C00F12245 /* AFnetworkPods.xcdatamodel */;
			path = AFnetworkPods.xcdatamodeld;
			sourceTree = "<group>";
			versionGroupType = wrapper.xcdatamodel;
		};
/* End XCVersionGroup section */
	};
	rootObject = F42090E21D07620C00F12245 /* Project object */;
}
