// !$*UTF8*$!
{
	archiveVersion = 1;
	classes = {
	};
	objectVersion = 46;
	objects = {

/* Begin PBXBuildFile section */
		F409C77B1D02BF4C00E173E0 /* main.m in Sources */ = {isa = PBXBuildFile; fileRef = F409C77A1D02BF4C00E173E0 /* main.m */; };
		F409C77E1D02BF4C00E173E0 /* AppDelegate.m in Sources */ = {isa = PBXBuildFile; fileRef = F409C77D1D02BF4C00E173E0 /* AppDelegate.m */; };
		F409C7811D02BF4C00E173E0 /* CoreDataTest.xcdatamodeld in Sources */ = {isa = PBXBuildFile; fileRef = F409C77F1D02BF4C00E173E0 /* CoreDataTest.xcdatamodeld */; };
		F409C7841D02BF4C00E173E0 /* MasterViewController.m in Sources */ = {isa = PBXBuildFile; fileRef = F409C7831D02BF4C00E173E0 /* MasterViewController.m */; };
		F409C7871D02BF4C00E173E0 /* DetailViewController.m in Sources */ = {isa = PBXBuildFile; fileRef = F409C7861D02BF4C00E173E0 /* DetailViewController.m */; };
		F409C78A1D02BF4C00E173E0 /* Main.storyboard in Resources */ = {isa = PBXBuildFile; fileRef = F409C7881D02BF4C00E173E0 /* Main.storyboard */; };
		F409C78C1D02BF4C00E173E0 /* Assets.xcassets in Resources */ = {isa = PBXBuildFile; fileRef = F409C78B1D02BF4C00E173E0 /* Assets.xcassets */; };
		F409C78F1D02BF4C00E173E0 /* LaunchScreen.storyboard in Resources */ = {isa = PBXBuildFile; fileRef = F409C78D1D02BF4C00E173E0 /* LaunchScreen.storyboard */; };
/* End PBXBuildFile section */

/* Begin PBXFileReference section */
		F409C7761D02BF4C00E173E0 /* CoreDataTest.app */ = {isa = PBXFileReference; explicitFileType = wrapper.application; includeInIndex = 0; path = CoreDataTest.app; sourceTree = BUILT_PRODUCTS_DIR; };
		F409C77A1D02BF4C00E173E0 /* main.m */ = {isa = PBXFileReference; lastKnownFileType = sourcecode.c.objc; path = main.m; sourceTree = "<group>"; };
		F409C77C1D02BF4C00E173E0 /* AppDelegate.h */ = {isa = PBXFileReference; lastKnownFileType = sourcecode.c.h; path = AppDelegate.h; sourceTree = "<group>"; };
		F409C77D1D02BF4C00E173E0 /* AppDelegate.m */ = {isa = PBXFileReference; lastKnownFileType = sourcecode.c.objc; path = AppDelegate.m; sourceTree = "<group>"; };
		F409C7801D02BF4C00E173E0 /* CoreDataTest.xcdatamodel */ = {isa = PBXFileReference; lastKnownFileType = wrapper.xcdatamodel; path = CoreDataTest.xcdatamodel; sourceTree = "<group>"; };
		F409C7821D02BF4C00E173E0 /* MasterViewController.h */ = {isa = PBXFileReference; lastKnownFileType = sourcecode.c.h; path = MasterViewController.h; sourceTree = "<group>"; };
		F409C7831D02BF4C00E173E0 /* MasterViewController.m */ = {isa = PBXFileReference; lastKnownFileType = sourcecode.c.objc; path = MasterViewController.m; sourceTree = "<group>"; };
		F409C7851D02BF4C00E173E0 /* DetailViewController.h */ = {isa = PBXFileReference; lastKnownFileType = sourcecode.c.h; path = DetailViewController.h; sourceTree = "<group>"; };
		F409C7861D02BF4C00E173E0 /* DetailViewController.m */ = {isa = PBXFileReference; lastKnownFileType = sourcecode.c.objc; path = DetailViewController.m; sourceTree = "<group>"; };
		F409C7891D02BF4C00E173E0 /* Base */ = {isa = PBXFileReference; lastKnownFileType = file.storyboard; name = Base; path = Base.lproj/Main.storyboard; sourceTree = "<group>"; };
		F409C78B1D02BF4C00E173E0 /* Assets.xcassets */ = {isa = PBXFileReference; lastKnownFileType = folder.assetcatalog; path = Assets.xcassets; sourceTree = "<group>"; };
		F409C78E1D02BF4C00E173E0 /* Base */ = {isa = PBXFileReference; lastKnownFileType = file.storyboard; name = Base; path = Base.lproj/LaunchScreen.storyboard; sourceTree = "<group>"; };
		F409C7901D02BF4C00E173E0 /* Info.plist */ = {isa = PBXFileReference; lastKnownFileType = text.plist.xml; path = Info.plist; sourceTree = "<group>"; };
/* End PBXFileReference section */

/* Begin PBXFrameworksBuildPhase section */
		F409C7731D02BF4C00E173E0 /* Frameworks */ = {
			isa = PBXFrameworksBuildPhase;
			buildActionMask = 2147483647;
			files = (
			);
			runOnlyForDeploymentPostprocessing = 0;
		};
/* End PBXFrameworksBuildPhase section */

/* Begin PBXGroup section */
		F409C76D1D02BF4C00E173E0 = {
			isa = PBXGroup;
			children = (
				F409C7781D02BF4C00E173E0 /* CoreDataTest */,
				F409C7771D02BF4C00E173E0 /* Products */,
			);
			sourceTree = "<group>";
		};
		F409C7771D02BF4C00E173E0 /* Products */ = {
			isa = PBXGroup;
			children = (
				F409C7761D02BF4C00E173E0 /* CoreDataTest.app */,
			);
			name = Products;
			sourceTree = "<group>";
		};
		F409C7781D02BF4C00E173E0 /* CoreDataTest */ = {
			isa = PBXGroup;
			children = (
				F409C77C1D02BF4C00E173E0 /* AppDelegate.h */,
				F409C77D1D02BF4C00E173E0 /* AppDelegate.m */,
				F409C7821D02BF4C00E173E0 /* MasterViewController.h */,
				F409C7831D02BF4C00E173E0 /* MasterViewController.m */,
				F409C7851D02BF4C00E173E0 /* DetailViewController.h */,
				F409C7861D02BF4C00E173E0 /* DetailViewController.m */,
				F409C7881D02BF4C00E173E0 /* Main.storyboard */,
				F409C78B1D02BF4C00E173E0 /* Assets.xcassets */,
				F409C78D1D02BF4C00E173E0 /* LaunchScreen.storyboard */,
				F409C7901D02BF4C00E173E0 /* Info.plist */,
				F409C77F1D02BF4C00E173E0 /* CoreDataTest.xcdatamodeld */,
				F409C7791D02BF4C00E173E0 /* Supporting Files */,
			);
			path = CoreDataTest;
			sourceTree = "<group>";
		};
		F409C7791D02BF4C00E173E0 /* Supporting Files */ = {
			isa = PBXGroup;
			children = (
				F409C77A1D02BF4C00E173E0 /* main.m */,
			);
			name = "Supporting Files";
			sourceTree = "<group>";
		};
/* End PBXGroup section */

/* Begin PBXNativeTarget section */
		F409C7751D02BF4C00E173E0 /* CoreDataTest */ = {
			isa = PBXNativeTarget;
			buildConfigurationList = F409C7931D02BF4C00E173E0 /* Build configuration list for PBXNativeTarget "CoreDataTest" */;
			buildPhases = (
				F409C7721D02BF4C00E173E0 /* Sources */,
				F409C7731D02BF4C00E173E0 /* Frameworks */,
				F409C7741D02BF4C00E173E0 /* Resources */,
			);
			buildRules = (
			);
			dependencies = (
			);
			name = CoreDataTest;
			productName = CoreDataTest;
			productReference = F409C7761D02BF4C00E173E0 /* CoreDataTest.app */;
			productType = "com.apple.product-type.application";
		};
/* End PBXNativeTarget section */

/* Begin PBXProject section */
		F409C76E1D02BF4C00E173E0 /* Project object */ = {
			isa = PBXProject;
			attributes = {
				LastUpgradeCheck = 0730;
				ORGANIZATIONNAME = "Ruiyong Zhang";
				TargetAttributes = {
					F409C7751D02BF4C00E173E0 = {
						CreatedOnToolsVersion = 7.3.1;
						DevelopmentTeam = 4JW7CNU9QE;
					};
				};
			};
			buildConfigurationList = F409C7711D02BF4C00E173E0 /* Build configuration list for PBXProject "CoreDataTest" */;
			compatibilityVersion = "Xcode 3.2";
			developmentRegion = English;
			hasScannedForEncodings = 0;
			knownRegions = (
				en,
				Base,
			);
			mainGroup = F409C76D1D02BF4C00E173E0;
			productRefGroup = F409C7771D02BF4C00E173E0 /* Products */;
			projectDirPath = "";
			projectRoot = "";
			targets = (
				F409C7751D02BF4C00E173E0 /* CoreDataTest */,
			);
		};
/* End PBXProject section */

/* Begin PBXResourcesBuildPhase section */
		F409C7741D02BF4C00E173E0 /* Resources */ = {
			isa = PBXResourcesBuildPhase;
			buildActionMask = 2147483647;
			files = (
				F409C78F1D02BF4C00E173E0 /* LaunchScreen.storyboard in Resources */,
				F409C78C1D02BF4C00E173E0 /* Assets.xcassets in Resources */,
				F409C78A1D02BF4C00E173E0 /* Main.storyboard in Resources */,
			);
			runOnlyForDeploymentPostprocessing = 0;
		};
/* End PBXResourcesBuildPhase section */

/* Begin PBXSourcesBuildPhase section */
		F409C7721D02BF4C00E173E0 /* Sources */ = {
			isa = PBXSourcesBuildPhase;
			buildActionMask = 2147483647;
			files = (
				F409C7871D02BF4C00E173E0 /* DetailViewController.m in Sources */,
				F409C7841D02BF4C00E173E0 /* MasterViewController.m in Sources */,
				F409C77E1D02BF4C00E173E0 /* AppDelegate.m in Sources */,
				F409C7811D02BF4C00E173E0 /* CoreDataTest.xcdatamodeld in Sources */,
				F409C77B1D02BF4C00E173E0 /* main.m in Sources */,
			);
			runOnlyForDeploymentPostprocessing = 0;
		};
/* End PBXSourcesBuildPhase section */

/* Begin PBXVariantGroup section */
		F409C7881D02BF4C00E173E0 /* Main.storyboard */ = {
			isa = PBXVariantGroup;
			children = (
				F409C7891D02BF4C00E173E0 /* Base */,
			);
			name = Main.storyboard;
			sourceTree = "<group>";
		};
		F409C78D1D02BF4C00E173E0 /* LaunchScreen.storyboard */ = {
			isa = PBXVariantGroup;
			children = (
				F409C78E1D02BF4C00E173E0 /* Base */,
			);
			name = LaunchScreen.storyboard;
			sourceTree = "<group>";
		};
/* End PBXVariantGroup section */

/* Begin XCBuildConfiguration section */
		F409C7911D02BF4C00E173E0 /* Debug */ = {
			isa = XCBuildConfiguration;
			buildSettings = {
				ALWAYS_SEARCH_USER_PATHS = NO;
				CLANG_ANALYZER_NONNULL = YES;
				CLANG_CXX_LANGUAGE_STANDARD = "gnu++0x";
				CLANG_CXX_LIBRARY = "libc++";
				CLANG_ENABLE_MODULES = YES;
				CLANG_ENABLE_OBJC_ARC = YES;
				CLANG_WARN_BOOL_CONVERSION = YES;
				CLANG_WARN_CONSTANT_CONVERSION = YES;
				CLANG_WARN_DIRECT_OBJC_ISA_USAGE = YES_ERROR;
				CLANG_WARN_EMPTY_BODY = YES;
				CLANG_WARN_ENUM_CONVERSION = YES;
				CLANG_WARN_INT_CONVERSION = YES;
				CLANG_WARN_OBJC_ROOT_CLASS = YES_ERROR;
				CLANG_WARN_UNREACHABLE_CODE = YES;
				CLANG_WARN__DUPLICATE_METHOD_MATCH = YES;
				"CODE_SIGN_IDENTITY[sdk=iphoneos*]" = "iPhone Developer";
				COPY_PHASE_STRIP = NO;
				DEBUG_INFORMATION_FORMAT = dwarf;
				ENABLE_STRICT_OBJC_MSGSEND = YES;
				ENABLE_TESTABILITY = YES;
				GCC_C_LANGUAGE_STANDARD = gnu99;
				GCC_DYNAMIC_NO_PIC = NO;
				GCC_NO_COMMON_BLOCKS = YES;
				GCC_OPTIMIZATION_LEVEL = 0;
				GCC_PREPROCESSOR_DEFINITIONS = (
					"DEBUG=1",
					"$(inherited)",
				);
				GCC_WARN_64_TO_32_BIT_CONVERSION = YES;
				GCC_WARN_ABOUT_RETURN_TYPE = YES_ERROR;
				GCC_WARN_UNDECLARED_SELECTOR = YES;
				GCC_WARN_UNINITIALIZED_AUTOS = YES_AGGRESSIVE;
				GCC_WARN_UNUSED_FUNCTION = YES;
				GCC_WARN_UNUSED_VARIABLE = YES;
				IPHONEOS_DEPLOYMENT_TARGET = 9.3;
				MTL_ENABLE_DEBUG_INFO = YES;
				ONLY_ACTIVE_ARCH = YES;
				SDKROOT = iphoneos;
			};
			name = Debug;
		};
		F409C7921D02BF4C00E173E0 /* Release */ = {
			isa = XCBuildConfiguration;
			buildSettings = {
				ALWAYS_SEARCH_USER_PATHS = NO;
				CLANG_ANALYZER_NONNULL = YES;
				CLANG_CXX_LANGUAGE_STANDARD = "gnu++0x";
				CLANG_CXX_LIBRARY = "libc++";
				CLANG_ENABLE_MODULES = YES;
				CLANG_ENABLE_OBJC_ARC = YES;
				CLANG_WARN_BOOL_CONVERSION = YES;
				CLANG_WARN_CONSTANT_CONVERSION = YES;
				CLANG_WARN_DIRECT_OBJC_ISA_USAGE = YES_ERROR;
				CLANG_WARN_EMPTY_BODY = YES;
				CLANG_WARN_ENUM_CONVERSION = YES;
				CLANG_WARN_INT_CONVERSION = YES;
				CLANG_WARN_OBJC_ROOT_CLASS = YES_ERROR;
				CLANG_WARN_UNREACHABLE_CODE = YES;
				CLANG_WARN__DUPLICATE_METHOD_MATCH = YES;
				"CODE_SIGN_IDENTITY[sdk=iphoneos*]" = "iPhone Developer";
				COPY_PHASE_STRIP = NO;
				DEBUG_INFORMATION_FORMAT = "dwarf-with-dsym";
				ENABLE_NS_ASSERTIONS = NO;
				ENABLE_STRICT_OBJC_MSGSEND = YES;
				GCC_C_LANGUAGE_STANDARD = gnu99;
				GCC_NO_COMMON_BLOCKS = YES;
				GCC_WARN_64_TO_32_BIT_CONVERSION = YES;
				GCC_WARN_ABOUT_RETURN_TYPE = YES_ERROR;
				GCC_WARN_UNDECLARED_SELECTOR = YES;
				GCC_WARN_UNINITIALIZED_AUTOS = YES_AGGRESSIVE;
				GCC_WARN_UNUSED_FUNCTION = YES;
				GCC_WARN_UNUSED_VARIABLE = YES;
				IPHONEOS_DEPLOYMENT_TARGET = 9.3;
				MTL_ENABLE_DEBUG_INFO = NO;
				SDKROOT = iphoneos;
				VALIDATE_PRODUCT = YES;
			};
			name = Release;
		};
		F409C7941D02BF4C00E173E0 /* Debug */ = {
			isa = XCBuildConfiguration;
			buildSettings = {
				ASSETCATALOG_COMPILER_APPICON_NAME = AppIcon;
				INFOPLIST_FILE = CoreDataTest/Info.plist;
				LD_RUNPATH_SEARCH_PATHS = "$(inherited) @executable_path/Frameworks";
				PRODUCT_BUNDLE_IDENTIFIER = com.ruiyong.CoreDataTest;
				PRODUCT_NAME = "$(TARGET_NAME)";
			};
			name = Debug;
		};
		F409C7951D02BF4C00E173E0 /* Release */ = {
			isa = XCBuildConfiguration;
			buildSettings = {
				ASSETCATALOG_COMPILER_APPICON_NAME = AppIcon;
				INFOPLIST_FILE = CoreDataTest/Info.plist;
				LD_RUNPATH_SEARCH_PATHS = "$(inherited) @executable_path/Frameworks";
				PRODUCT_BUNDLE_IDENTIFIER = com.ruiyong.CoreDataTest;
				PRODUCT_NAME = "$(TARGET_NAME)";
			};
			name = Release;
		};
/* End XCBuildConfiguration section */

/* Begin XCConfigurationList section */
		F409C7711D02BF4C00E173E0 /* Build configuration list for PBXProject "CoreDataTest" */ = {
			isa = XCConfigurationList;
			buildConfigurations = (
				F409C7911D02BF4C00E173E0 /* Debug */,
				F409C7921D02BF4C00E173E0 /* Release */,
			);
			defaultConfigurationIsVisible = 0;
			defaultConfigurationName = Release;
		};
		F409C7931D02BF4C00E173E0 /* Build configuration list for PBXNativeTarget "CoreDataTest" */ = {
			isa = XCConfigurationList;
			buildConfigurations = (
				F409C7941D02BF4C00E173E0 /* Debug */,
				F409C7951D02BF4C00E173E0 /* Release */,
			);
			defaultConfigurationIsVisible = 0;
		};
/* End XCConfigurationList section */

/* Begin XCVersionGroup section */
		F409C77F1D02BF4C00E173E0 /* CoreDataTest.xcdatamodeld */ = {
			isa = XCVersionGroup;
			children = (
				F409C7801D02BF4C00E173E0 /* CoreDataTest.xcdatamodel */,
			);
			currentVersion = F409C7801D02BF4C00E173E0 /* CoreDataTest.xcdatamodel */;
			path = CoreDataTest.xcdatamodeld;
			sourceTree = "<group>";
			versionGroupType = wrapper.xcdatamodel;
		};
/* End XCVersionGroup section */
	};
	rootObject = F409C76E1D02BF4C00E173E0 /* Project object */;
}
