// !$*UTF8*$!
{
	archiveVersion = 1;
	classes = {
	};
	objectVersion = 46;
	objects = {

/* Begin PBXBuildFile section */
		F409C7521D02AEA400E173E0 /* main.m in Sources */ = {isa = PBXBuildFile; fileRef = F409C7511D02AEA400E173E0 /* main.m */; };
		F409C7551D02AEA400E173E0 /* AppDelegate.m in Sources */ = {isa = PBXBuildFile; fileRef = F409C7541D02AEA400E173E0 /* AppDelegate.m */; };
		F409C75B1D02AEA400E173E0 /* Main.storyboard in Resources */ = {isa = PBXBuildFile; fileRef = F409C7591D02AEA400E173E0 /* Main.storyboard */; };
		F409C75E1D02AEA400E173E0 /* CoreDataDemo.xcdatamodeld in Sources */ = {isa = PBXBuildFile; fileRef = F409C75C1D02AEA400E173E0 /* CoreDataDemo.xcdatamodeld */; };
		F409C7601D02AEA400E173E0 /* Assets.xcassets in Resources */ = {isa = PBXBuildFile; fileRef = F409C75F1D02AEA400E173E0 /* Assets.xcassets */; };
		F409C7631D02AEA400E173E0 /* LaunchScreen.storyboard in Resources */ = {isa = PBXBuildFile; fileRef = F409C7611D02AEA400E173E0 /* LaunchScreen.storyboard */; };
		F409C7971D037EBE00E173E0 /* CoreData.framework in Frameworks */ = {isa = PBXBuildFile; fileRef = F409C7961D037EBE00E173E0 /* CoreData.framework */; };
		F409C7AD1D03846100E173E0 /* Course+CoreDataProperties.m in Sources */ = {isa = PBXBuildFile; fileRef = F409C7A61D03846100E173E0 /* Course+CoreDataProperties.m */; };
		F409C7AE1D03846100E173E0 /* Course.m in Sources */ = {isa = PBXBuildFile; fileRef = F409C7A81D03846100E173E0 /* Course.m */; };
		F409C7AF1D03846100E173E0 /* Student+CoreDataProperties.m in Sources */ = {isa = PBXBuildFile; fileRef = F409C7AA1D03846100E173E0 /* Student+CoreDataProperties.m */; };
		F409C7B01D03846100E173E0 /* Student.m in Sources */ = {isa = PBXBuildFile; fileRef = F409C7AC1D03846100E173E0 /* Student.m */; };
		F409C7B41D03856D00E173E0 /* CoreDataHelper.m in Sources */ = {isa = PBXBuildFile; fileRef = F409C7B31D03856D00E173E0 /* CoreDataHelper.m */; };
		F409C7B71D03865700E173E0 /* CoreDataTableViewController.m in Sources */ = {isa = PBXBuildFile; fileRef = F409C7B61D03865700E173E0 /* CoreDataTableViewController.m */; };
		F409C7C21D03962A00E173E0 /* CourseTableViewController.m in Sources */ = {isa = PBXBuildFile; fileRef = F409C7C11D03962A00E173E0 /* CourseTableViewController.m */; };
		F409C7C51D03963C00E173E0 /* CourseViewController.m in Sources */ = {isa = PBXBuildFile; fileRef = F409C7C41D03963C00E173E0 /* CourseViewController.m */; };
/* End PBXBuildFile section */

/* Begin PBXFileReference section */
		F409C74D1D02AEA400E173E0 /* CoreDataDemo.app */ = {isa = PBXFileReference; explicitFileType = wrapper.application; includeInIndex = 0; path = CoreDataDemo.app; sourceTree = BUILT_PRODUCTS_DIR; };
		F409C7511D02AEA400E173E0 /* main.m */ = {isa = PBXFileReference; lastKnownFileType = sourcecode.c.objc; path = main.m; sourceTree = "<group>"; };
		F409C7531D02AEA400E173E0 /* AppDelegate.h */ = {isa = PBXFileReference; lastKnownFileType = sourcecode.c.h; path = AppDelegate.h; sourceTree = "<group>"; };
		F409C7541D02AEA400E173E0 /* AppDelegate.m */ = {isa = PBXFileReference; lastKnownFileType = sourcecode.c.objc; path = AppDelegate.m; sourceTree = "<group>"; };
		F409C75A1D02AEA400E173E0 /* Base */ = {isa = PBXFileReference; lastKnownFileType = file.storyboard; name = Base; path = Base.lproj/Main.storyboard; sourceTree = "<group>"; };
		F409C75D1D02AEA400E173E0 /* CoreDataDemo.xcdatamodel */ = {isa = PBXFileReference; lastKnownFileType = wrapper.xcdatamodel; path = CoreDataDemo.xcdatamodel; sourceTree = "<group>"; };
		F409C75F1D02AEA400E173E0 /* Assets.xcassets */ = {isa = PBXFileReference; lastKnownFileType = folder.assetcatalog; path = Assets.xcassets; sourceTree = "<group>"; };
		F409C7621D02AEA400E173E0 /* Base */ = {isa = PBXFileReference; lastKnownFileType = file.storyboard; name = Base; path = Base.lproj/LaunchScreen.storyboard; sourceTree = "<group>"; };
		F409C7641D02AEA400E173E0 /* Info.plist */ = {isa = PBXFileReference; lastKnownFileType = text.plist.xml; path = Info.plist; sourceTree = "<group>"; };
		F409C7961D037EBE00E173E0 /* CoreData.framework */ = {isa = PBXFileReference; lastKnownFileType = wrapper.framework; name = CoreData.framework; path = System/Library/Frameworks/CoreData.framework; sourceTree = SDKROOT; };
		F409C7A51D03846100E173E0 /* Course+CoreDataProperties.h */ = {isa = PBXFileReference; fileEncoding = 4; lastKnownFileType = sourcecode.c.h; path = "Course+CoreDataProperties.h"; sourceTree = "<group>"; };
		F409C7A61D03846100E173E0 /* Course+CoreDataProperties.m */ = {isa = PBXFileReference; fileEncoding = 4; lastKnownFileType = sourcecode.c.objc; path = "Course+CoreDataProperties.m"; sourceTree = "<group>"; };
		F409C7A71D03846100E173E0 /* Course.h */ = {isa = PBXFileReference; fileEncoding = 4; lastKnownFileType = sourcecode.c.h; path = Course.h; sourceTree = "<group>"; };
		F409C7A81D03846100E173E0 /* Course.m */ = {isa = PBXFileReference; fileEncoding = 4; lastKnownFileType = sourcecode.c.objc; path = Course.m; sourceTree = "<group>"; };
		F409C7A91D03846100E173E0 /* Student+CoreDataProperties.h */ = {isa = PBXFileReference; fileEncoding = 4; lastKnownFileType = sourcecode.c.h; path = "Student+CoreDataProperties.h"; sourceTree = "<group>"; };
		F409C7AA1D03846100E173E0 /* Student+CoreDataProperties.m */ = {isa = PBXFileReference; fileEncoding = 4; lastKnownFileType = sourcecode.c.objc; path = "Student+CoreDataProperties.m"; sourceTree = "<group>"; };
		F409C7AB1D03846100E173E0 /* Student.h */ = {isa = PBXFileReference; fileEncoding = 4; lastKnownFileType = sourcecode.c.h; path = Student.h; sourceTree = "<group>"; };
		F409C7AC1D03846100E173E0 /* Student.m */ = {isa = PBXFileReference; fileEncoding = 4; lastKnownFileType = sourcecode.c.objc; path = Student.m; sourceTree = "<group>"; };
		F409C7B21D03856D00E173E0 /* CoreDataHelper.h */ = {isa = PBXFileReference; fileEncoding = 4; lastKnownFileType = sourcecode.c.h; path = CoreDataHelper.h; sourceTree = "<group>"; };
		F409C7B31D03856D00E173E0 /* CoreDataHelper.m */ = {isa = PBXFileReference; fileEncoding = 4; lastKnownFileType = sourcecode.c.objc; path = CoreDataHelper.m; sourceTree = "<group>"; };
		F409C7B51D03865700E173E0 /* CoreDataTableViewController.h */ = {isa = PBXFileReference; fileEncoding = 4; lastKnownFileType = sourcecode.c.h; path = CoreDataTableViewController.h; sourceTree = "<group>"; };
		F409C7B61D03865700E173E0 /* CoreDataTableViewController.m */ = {isa = PBXFileReference; fileEncoding = 4; lastKnownFileType = sourcecode.c.objc; path = CoreDataTableViewController.m; sourceTree = "<group>"; };
		F409C7C01D03962A00E173E0 /* CourseTableViewController.h */ = {isa = PBXFileReference; fileEncoding = 4; lastKnownFileType = sourcecode.c.h; path = CourseTableViewController.h; sourceTree = "<group>"; };
		F409C7C11D03962A00E173E0 /* CourseTableViewController.m */ = {isa = PBXFileReference; fileEncoding = 4; lastKnownFileType = sourcecode.c.objc; path = CourseTableViewController.m; sourceTree = "<group>"; };
		F409C7C31D03963C00E173E0 /* CourseViewController.h */ = {isa = PBXFileReference; fileEncoding = 4; lastKnownFileType = sourcecode.c.h; path = CourseViewController.h; sourceTree = "<group>"; };
		F409C7C41D03963C00E173E0 /* CourseViewController.m */ = {isa = PBXFileReference; fileEncoding = 4; lastKnownFileType = sourcecode.c.objc; path = CourseViewController.m; sourceTree = "<group>"; };
/* End PBXFileReference section */

/* Begin PBXFrameworksBuildPhase section */
		F409C74A1D02AEA400E173E0 /* Frameworks */ = {
			isa = PBXFrameworksBuildPhase;
			buildActionMask = 2147483647;
			files = (
				F409C7971D037EBE00E173E0 /* CoreData.framework in Frameworks */,
			);
			runOnlyForDeploymentPostprocessing = 0;
		};
/* End PBXFrameworksBuildPhase section */

/* Begin PBXGroup section */
		F409C7441D02AEA400E173E0 = {
			isa = PBXGroup;
			children = (
				F409C7961D037EBE00E173E0 /* CoreData.framework */,
				F409C74F1D02AEA400E173E0 /* CoreDataDemo */,
				F409C74E1D02AEA400E173E0 /* Products */,
			);
			sourceTree = "<group>";
		};
		F409C74E1D02AEA400E173E0 /* Products */ = {
			isa = PBXGroup;
			children = (
				F409C74D1D02AEA400E173E0 /* CoreDataDemo.app */,
			);
			name = Products;
			sourceTree = "<group>";
		};
		F409C74F1D02AEA400E173E0 /* CoreDataDemo */ = {
			isa = PBXGroup;
			children = (
				F409C7B91D03953F00E173E0 /* ViewControllers */,
				F409C7B81D03953100E173E0 /* TableViewControllers */,
				F409C7B11D03853E00E173E0 /* Generic Classes */,
				F409C7981D0382F600E173E0 /* Data Model */,
				F409C7531D02AEA400E173E0 /* AppDelegate.h */,
				F409C7541D02AEA400E173E0 /* AppDelegate.m */,
				F409C7591D02AEA400E173E0 /* Main.storyboard */,
				F409C75F1D02AEA400E173E0 /* Assets.xcassets */,
				F409C7611D02AEA400E173E0 /* LaunchScreen.storyboard */,
				F409C7641D02AEA400E173E0 /* Info.plist */,
				F409C7501D02AEA400E173E0 /* Supporting Files */,
			);
			path = CoreDataDemo;
			sourceTree = "<group>";
		};
		F409C7501D02AEA400E173E0 /* Supporting Files */ = {
			isa = PBXGroup;
			children = (
				F409C7511D02AEA400E173E0 /* main.m */,
			);
			name = "Supporting Files";
			sourceTree = "<group>";
		};
		F409C7981D0382F600E173E0 /* Data Model */ = {
			isa = PBXGroup;
			children = (
				F409C7A51D03846100E173E0 /* Course+CoreDataProperties.h */,
				F409C7A61D03846100E173E0 /* Course+CoreDataProperties.m */,
				F409C7A71D03846100E173E0 /* Course.h */,
				F409C7A81D03846100E173E0 /* Course.m */,
				F409C7A91D03846100E173E0 /* Student+CoreDataProperties.h */,
				F409C7AA1D03846100E173E0 /* Student+CoreDataProperties.m */,
				F409C7AB1D03846100E173E0 /* Student.h */,
				F409C7AC1D03846100E173E0 /* Student.m */,
				F409C75C1D02AEA400E173E0 /* CoreDataDemo.xcdatamodeld */,
			);
			name = "Data Model";
			sourceTree = "<group>";
		};
		F409C7B11D03853E00E173E0 /* Generic Classes */ = {
			isa = PBXGroup;
			children = (
				F409C7B21D03856D00E173E0 /* CoreDataHelper.h */,
				F409C7B31D03856D00E173E0 /* CoreDataHelper.m */,
				F409C7B51D03865700E173E0 /* CoreDataTableViewController.h */,
				F409C7B61D03865700E173E0 /* CoreDataTableViewController.m */,
			);
			name = "Generic Classes";
			sourceTree = "<group>";
		};
		F409C7B81D03953100E173E0 /* TableViewControllers */ = {
			isa = PBXGroup;
			children = (
				F409C7C01D03962A00E173E0 /* CourseTableViewController.h */,
				F409C7C11D03962A00E173E0 /* CourseTableViewController.m */,
			);
			name = TableViewControllers;
			sourceTree = "<group>";
		};
		F409C7B91D03953F00E173E0 /* ViewControllers */ = {
			isa = PBXGroup;
			children = (
				F409C7C31D03963C00E173E0 /* CourseViewController.h */,
				F409C7C41D03963C00E173E0 /* CourseViewController.m */,
			);
			name = ViewControllers;
			sourceTree = "<group>";
		};
/* End PBXGroup section */

/* Begin PBXNativeTarget section */
		F409C74C1D02AEA400E173E0 /* CoreDataDemo */ = {
			isa = PBXNativeTarget;
			buildConfigurationList = F409C7671D02AEA400E173E0 /* Build configuration list for PBXNativeTarget "CoreDataDemo" */;
			buildPhases = (
				F409C7491D02AEA400E173E0 /* Sources */,
				F409C74A1D02AEA400E173E0 /* Frameworks */,
				F409C74B1D02AEA400E173E0 /* Resources */,
			);
			buildRules = (
			);
			dependencies = (
			);
			name = CoreDataDemo;
			productName = CoreDataDemo;
			productReference = F409C74D1D02AEA400E173E0 /* CoreDataDemo.app */;
			productType = "com.apple.product-type.application";
		};
/* End PBXNativeTarget section */

/* Begin PBXProject section */
		F409C7451D02AEA400E173E0 /* Project object */ = {
			isa = PBXProject;
			attributes = {
				LastUpgradeCheck = 0730;
				ORGANIZATIONNAME = "Ruiyong Zhang";
				TargetAttributes = {
					F409C74C1D02AEA400E173E0 = {
						CreatedOnToolsVersion = 7.3.1;
						DevelopmentTeam = 4JW7CNU9QE;
					};
				};
			};
			buildConfigurationList = F409C7481D02AEA400E173E0 /* Build configuration list for PBXProject "CoreDataDemo" */;
			compatibilityVersion = "Xcode 3.2";
			developmentRegion = English;
			hasScannedForEncodings = 0;
			knownRegions = (
				en,
				Base,
			);
			mainGroup = F409C7441D02AEA400E173E0;
			productRefGroup = F409C74E1D02AEA400E173E0 /* Products */;
			projectDirPath = "";
			projectRoot = "";
			targets = (
				F409C74C1D02AEA400E173E0 /* CoreDataDemo */,
			);
		};
/* End PBXProject section */

/* Begin PBXResourcesBuildPhase section */
		F409C74B1D02AEA400E173E0 /* Resources */ = {
			isa = PBXResourcesBuildPhase;
			buildActionMask = 2147483647;
			files = (
				F409C7631D02AEA400E173E0 /* LaunchScreen.storyboard in Resources */,
				F409C7601D02AEA400E173E0 /* Assets.xcassets in Resources */,
				F409C75B1D02AEA400E173E0 /* Main.storyboard in Resources */,
			);
			runOnlyForDeploymentPostprocessing = 0;
		};
/* End PBXResourcesBuildPhase section */

/* Begin PBXSourcesBuildPhase section */
		F409C7491D02AEA400E173E0 /* Sources */ = {
			isa = PBXSourcesBuildPhase;
			buildActionMask = 2147483647;
			files = (
				F409C7C21D03962A00E173E0 /* CourseTableViewController.m in Sources */,
				F409C75E1D02AEA400E173E0 /* CoreDataDemo.xcdatamodeld in Sources */,
				F409C7AF1D03846100E173E0 /* Student+CoreDataProperties.m in Sources */,
				F409C7B71D03865700E173E0 /* CoreDataTableViewController.m in Sources */,
				F409C7C51D03963C00E173E0 /* CourseViewController.m in Sources */,
				F409C7551D02AEA400E173E0 /* AppDelegate.m in Sources */,
				F409C7AD1D03846100E173E0 /* Course+CoreDataProperties.m in Sources */,
				F409C7B01D03846100E173E0 /* Student.m in Sources */,
				F409C7521D02AEA400E173E0 /* main.m in Sources */,
				F409C7B41D03856D00E173E0 /* CoreDataHelper.m in Sources */,
				F409C7AE1D03846100E173E0 /* Course.m in Sources */,
			);
			runOnlyForDeploymentPostprocessing = 0;
		};
/* End PBXSourcesBuildPhase section */

/* Begin PBXVariantGroup section */
		F409C7591D02AEA400E173E0 /* Main.storyboard */ = {
			isa = PBXVariantGroup;
			children = (
				F409C75A1D02AEA400E173E0 /* Base */,
			);
			name = Main.storyboard;
			sourceTree = "<group>";
		};
		F409C7611D02AEA400E173E0 /* LaunchScreen.storyboard */ = {
			isa = PBXVariantGroup;
			children = (
				F409C7621D02AEA400E173E0 /* Base */,
			);
			name = LaunchScreen.storyboard;
			sourceTree = "<group>";
		};
/* End PBXVariantGroup section */

/* Begin XCBuildConfiguration section */
		F409C7651D02AEA400E173E0 /* Debug */ = {
			isa = XCBuildConfiguration;
			buildSettings = {
				ALWAYS_SEARCH_USER_PATHS = NO;
				CLANG_ANALYZER_NONNULL = YES;
				CLANG_CXX_LANGUAGE_STANDARD = "gnu++0x";
				CLANG_CXX_LIBRARY = "libc++";
				CLANG_ENABLE_MODULES = YES;
				CLANG_ENABLE_OBJC_ARC = YES;
				CLANG_WARN_BOOL_CONVERSION = YES;
				CLANG_WARN_CONSTANT_CONVERSION = YES;
				CLANG_WARN_DIRECT_OBJC_ISA_USAGE = YES_ERROR;
				CLANG_WARN_EMPTY_BODY = YES;
				CLANG_WARN_ENUM_CONVERSION = YES;
				CLANG_WARN_INT_CONVERSION = YES;
				CLANG_WARN_OBJC_ROOT_CLASS = YES_ERROR;
				CLANG_WARN_UNREACHABLE_CODE = YES;
				CLANG_WARN__DUPLICATE_METHOD_MATCH = YES;
				"CODE_SIGN_IDENTITY[sdk=iphoneos*]" = "iPhone Developer";
				COPY_PHASE_STRIP = NO;
				DEBUG_INFORMATION_FORMAT = dwarf;
				ENABLE_STRICT_OBJC_MSGSEND = YES;
				ENABLE_TESTABILITY = YES;
				GCC_C_LANGUAGE_STANDARD = gnu99;
				GCC_DYNAMIC_NO_PIC = NO;
				GCC_NO_COMMON_BLOCKS = YES;
				GCC_OPTIMIZATION_LEVEL = 0;
				GCC_PREPROCESSOR_DEFINITIONS = (
					"DEBUG=1",
					"$(inherited)",
				);
				GCC_WARN_64_TO_32_BIT_CONVERSION = YES;
				GCC_WARN_ABOUT_RETURN_TYPE = YES_ERROR;
				GCC_WARN_UNDECLARED_SELECTOR = YES;
				GCC_WARN_UNINITIALIZED_AUTOS = YES_AGGRESSIVE;
				GCC_WARN_UNUSED_FUNCTION = YES;
				GCC_WARN_UNUSED_VARIABLE = YES;
				IPHONEOS_DEPLOYMENT_TARGET = 9.3;
				MTL_ENABLE_DEBUG_INFO = YES;
				ONLY_ACTIVE_ARCH = YES;
				SDKROOT = iphoneos;
			};
			name = Debug;
		};
		F409C7661D02AEA400E173E0 /* Release */ = {
			isa = XCBuildConfiguration;
			buildSettings = {
				ALWAYS_SEARCH_USER_PATHS = NO;
				CLANG_ANALYZER_NONNULL = YES;
				CLANG_CXX_LANGUAGE_STANDARD = "gnu++0x";
				CLANG_CXX_LIBRARY = "libc++";
				CLANG_ENABLE_MODULES = YES;
				CLANG_ENABLE_OBJC_ARC = YES;
				CLANG_WARN_BOOL_CONVERSION = YES;
				CLANG_WARN_CONSTANT_CONVERSION = YES;
				CLANG_WARN_DIRECT_OBJC_ISA_USAGE = YES_ERROR;
				CLANG_WARN_EMPTY_BODY = YES;
				CLANG_WARN_ENUM_CONVERSION = YES;
				CLANG_WARN_INT_CONVERSION = YES;
				CLANG_WARN_OBJC_ROOT_CLASS = YES_ERROR;
				CLANG_WARN_UNREACHABLE_CODE = YES;
				CLANG_WARN__DUPLICATE_METHOD_MATCH = YES;
				"CODE_SIGN_IDENTITY[sdk=iphoneos*]" = "iPhone Developer";
				COPY_PHASE_STRIP = NO;
				DEBUG_INFORMATION_FORMAT = "dwarf-with-dsym";
				ENABLE_NS_ASSERTIONS = NO;
				ENABLE_STRICT_OBJC_MSGSEND = YES;
				GCC_C_LANGUAGE_STANDARD = gnu99;
				GCC_NO_COMMON_BLOCKS = YES;
				GCC_WARN_64_TO_32_BIT_CONVERSION = YES;
				GCC_WARN_ABOUT_RETURN_TYPE = YES_ERROR;
				GCC_WARN_UNDECLARED_SELECTOR = YES;
				GCC_WARN_UNINITIALIZED_AUTOS = YES_AGGRESSIVE;
				GCC_WARN_UNUSED_FUNCTION = YES;
				GCC_WARN_UNUSED_VARIABLE = YES;
				IPHONEOS_DEPLOYMENT_TARGET = 9.3;
				MTL_ENABLE_DEBUG_INFO = NO;
				SDKROOT = iphoneos;
				VALIDATE_PRODUCT = YES;
			};
			name = Release;
		};
		F409C7681D02AEA400E173E0 /* Debug */ = {
			isa = XCBuildConfiguration;
			buildSettings = {
				ASSETCATALOG_COMPILER_APPICON_NAME = AppIcon;
				INFOPLIST_FILE = CoreDataDemo/Info.plist;
				LD_RUNPATH_SEARCH_PATHS = "$(inherited) @executable_path/Frameworks";
				PRODUCT_BUNDLE_IDENTIFIER = com.ruiyong.CoreDataDemo;
				PRODUCT_NAME = "$(TARGET_NAME)";
			};
			name = Debug;
		};
		F409C7691D02AEA400E173E0 /* Release */ = {
			isa = XCBuildConfiguration;
			buildSettings = {
				ASSETCATALOG_COMPILER_APPICON_NAME = AppIcon;
				INFOPLIST_FILE = CoreDataDemo/Info.plist;
				LD_RUNPATH_SEARCH_PATHS = "$(inherited) @executable_path/Frameworks";
				PRODUCT_BUNDLE_IDENTIFIER = com.ruiyong.CoreDataDemo;
				PRODUCT_NAME = "$(TARGET_NAME)";
			};
			name = Release;
		};
/* End XCBuildConfiguration section */

/* Begin XCConfigurationList section */
		F409C7481D02AEA400E173E0 /* Build configuration list for PBXProject "CoreDataDemo" */ = {
			isa = XCConfigurationList;
			buildConfigurations = (
				F409C7651D02AEA400E173E0 /* Debug */,
				F409C7661D02AEA400E173E0 /* Release */,
			);
			defaultConfigurationIsVisible = 0;
			defaultConfigurationName = Release;
		};
		F409C7671D02AEA400E173E0 /* Build configuration list for PBXNativeTarget "CoreDataDemo" */ = {
			isa = XCConfigurationList;
			buildConfigurations = (
				F409C7681D02AEA400E173E0 /* Debug */,
				F409C7691D02AEA400E173E0 /* Release */,
			);
			defaultConfigurationIsVisible = 0;
			defaultConfigurationName = Release;
		};
/* End XCConfigurationList section */

/* Begin XCVersionGroup section */
		F409C75C1D02AEA400E173E0 /* CoreDataDemo.xcdatamodeld */ = {
			isa = XCVersionGroup;
			children = (
				F409C75D1D02AEA400E173E0 /* CoreDataDemo.xcdatamodel */,
			);
			currentVersion = F409C75D1D02AEA400E173E0 /* CoreDataDemo.xcdatamodel */;
			path = CoreDataDemo.xcdatamodeld;
			sourceTree = "<group>";
			versionGroupType = wrapper.xcdatamodel;
		};
/* End XCVersionGroup section */
	};
	rootObject = F409C7451D02AEA400E173E0 /* Project object */;
}
